
Microsoft Visual Studio Solution File, Format Version 12.00
# Visual Studio Version 17
VisualStudioVersion = 17.14.36401.2 d17.14
MinimumVisualStudioVersion = 10.0.40219.1
Project("{FAE04EC0-301F-11D3-BF4B-00C04F79EFBC}") = "Cs14GenericExtensionMembers", "Cs14GenericExtensionMembers\Cs14GenericExtensionMembers.csproj", "{0B816415-B399-4356-8D2E-0949C60C88B4}"
EndProject
Global
	GlobalSection(SolutionConfigurationPlatforms) = preSolution
		Debug|Any CPU = Debug|Any CPU
		Release|Any CPU = Release|Any CPU
	EndGlobalSection
	GlobalSection(ProjectConfigurationPlatforms) = postSolution
		{0B816415-B399-4356-8D2E-0949C60C88B4}.Debug|Any CPU.ActiveCfg = Debug|Any CPU
		{0B816415-B399-4356-8D2E-0949C60C88B4}.Debug|Any CPU.Build.0 = Debug|Any CPU
		{0B816415-B399-4356-8D2E-0949C60C88B4}.Release|Any CPU.ActiveCfg = Release|Any CPU
		{0B816415-B399-4356-8D2E-0949C60C88B4}.Release|Any CPU.Build.0 = Release|Any CPU
	EndGlobalSection
	GlobalSection(SolutionProperties) = preSolution
		HideSolutionNode = FALSE
	EndGlobalSection
	GlobalSection(ExtensibilityGlobals) = postSolution
		SolutionGuid = {D936BAB3-7D49-48D6-9F2D-88DFC11AC602}
	EndGlobalSection
EndGlobal
